
Microsoft Visual Studio Solution File, Format Version 12.00
# Visual Studio Version 17
VisualStudioVersion = 17.10.35027.167
MinimumVisualStudioVersion = 10.0.40219.1
Project("{FAE04EC0-301F-11D3-BF4B-00C04F79EFBC}") = "LoadMoreData", "LoadMoreData.csproj", "{EBF727BF-3721-457C-9E3F-21CE4FD03A22}"
EndProject
Global
	GlobalSection(SolutionConfigurationPlatforms) = preSolution
		Debug|Any CPU = Debug|Any CPU
		Release|Any CPU = Release|Any CPU
	EndGlobalSection
	GlobalSection(ProjectConfigurationPlatforms) = postSolution
		{EBF727BF-3721-457C-9E3F-21CE4FD03A22}.Debug|Any CPU.ActiveCfg = Debug|Any CPU
		{EBF727BF-3721-457C-9E3F-21CE4FD03A22}.Debug|Any CPU.Build.0 = Debug|Any CPU
		{EBF727BF-3721-457C-9E3F-21CE4FD03A22}.Release|Any CPU.ActiveCfg = Release|Any CPU
		{EBF727BF-3721-457C-9E3F-21CE4FD03A22}.Release|Any CPU.Build.0 = Release|Any CPU
	EndGlobalSection
	GlobalSection(SolutionProperties) = preSolution
		HideSolutionNode = FALSE
	EndGlobalSection
	GlobalSection(ExtensibilityGlobals) = postSolution
		SolutionGuid = {63D03547-E3AE-439E-860D-E524758FBE33}
	EndGlobalSection
EndGlobal
